{
  "name": "pressproject",
  "version": "1.0.0",
  "lockfileVersion": 1,
  "requires": true,
  "dependencies": {
    "@fortawesome/fontawesome-common-types": {
      "version": "0.2.28",
      "resolved": "https://registry.npmjs.org/@fortawesome/fontawesome-common-types/-/fontawesome-common-types-0.2.28.tgz",
      "integrity": "sha512-gtis2/5yLdfI6n0ia0jH7NJs5i/Z/8M/ZbQL6jXQhCthEOe5Cr5NcQPhgTvFxNOtURE03/ZqUcEskdn2M+QaBg=="
    },
    "@fortawesome/fontawesome-svg-core": {
      "version": "1.2.28",
      "resolved": "https://registry.npmjs.org/@fortawesome/fontawesome-svg-core/-/fontawesome-svg-core-1.2.28.tgz",
      "integrity": "sha512-4LeaNHWvrneoU0i8b5RTOJHKx7E+y7jYejplR7uSVB34+mp3Veg7cbKk7NBCLiI4TyoWS1wh9ZdoyLJR8wSAdg==",
      "requires": {
        "@fortawesome/fontawesome-common-types": "^0.2.28"
      }
    },
    "@fortawesome/free-solid-svg-icons": {
      "version": "5.13.0",
      "resolved": "https://registry.npmjs.org/@fortawesome/free-solid-svg-icons/-/free-solid-svg-icons-5.13.0.tgz",
      "integrity": "sha512-IHUgDJdomv6YtG4p3zl1B5wWf9ffinHIvebqQOmV3U+3SLw4fC+LUCCgwfETkbTtjy5/Qws2VoVf6z/ETQpFpg==",
      "requires": {
        "@fortawesome/fontawesome-common-types": "^0.2.28"
      }
    },
    "@fortawesome/vue-fontawesome": {
      "version": "0.1.9",
      "resolved": "https://registry.npmjs.org/@fortawesome/vue-fontawesome/-/vue-fontawesome-0.1.9.tgz",
      "integrity": "sha512-h/emhmZz+DfB2zOGLWawNwXq82UYhn9waTfUjLLmeaIqtnIyNt6kYlpQT/vzJjLZRDRvY2IEJAh1di5qKpKVpA=="
    },
    "@vuepress/plugin-back-to-top": {
      "version": "1.4.0",
      "resolved": "https://registry.npmjs.org/@vuepress/plugin-back-to-top/-/plugin-back-to-top-1.4.0.tgz",
      "integrity": "sha512-tFsFx/jIoCh3hKWIDYioQyqhF+OJ+3QYAyPSJsvIadmOiS1Op33MlPVurWxr+J5hGlsvnOEyQqT9++mGh3N2KA==",
      "dev": true,
      "requires": {
        "lodash.debounce": "^4.0.8"
      }
    },
    "@vuepress/plugin-medium-zoom": {
      "version": "1.4.0",
      "resolved": "https://registry.npmjs.org/@vuepress/plugin-medium-zoom/-/plugin-medium-zoom-1.4.0.tgz",
      "integrity": "sha512-PkGSZa2LLrGN1V4KJ/p2/Mp9kUx7sCqXRaL3CG1ku+Lr2vgBzbcsCXXsJLszhm6ZyvBHus7hJpZxrx87n++IOg==",
      "dev": true,
      "requires": {
        "medium-zoom": "^1.0.4"
      }
    },
    "axios": {
      "version": "0.19.2",
      "resolved": "https://registry.npmjs.org/axios/-/axios-0.19.2.tgz",
      "integrity": "sha512-fjgm5MvRHLhx+osE2xoekY70AhARk3a6hkN+3Io1jc00jtquGvxYlKlsFUhmUET0V5te6CcZI7lcv2Ym61mjHA==",
      "requires": {
        "follow-redirects": "1.5.10"
      }
    },
    "debug": {
      "version": "3.1.0",
      "resolved": "https://registry.npmjs.org/debug/-/debug-3.1.0.tgz",
      "integrity": "sha512-OX8XqP7/1a9cqkxYw2yXss15f26NKWBpDXQd0/uK/KPqdQhxbPa994hnzjcE2VqQpDslf55723cKPUOGSmMY3g==",
      "requires": {
        "ms": "2.0.0"
      }
    },
    "follow-redirects": {
      "version": "1.5.10",
      "resolved": "https://registry.npmjs.org/follow-redirects/-/follow-redirects-1.5.10.tgz",
      "integrity": "sha512-0V5l4Cizzvqt5D44aTXbFZz+FtyXV1vrDN6qrelxtfYQKW0KO0W2T/hkE8xvGa/540LkZlkaUjO4ailYTFtHVQ==",
      "requires": {
        "debug": "=3.1.0"
      }
    },
    "lodash.debounce": {
      "version": "4.0.8",
      "resolved": "https://registry.npmjs.org/lodash.debounce/-/lodash.debounce-4.0.8.tgz",
      "integrity": "sha1-gteb/zCmfEAF/9XiUVMArZyk168=",
      "dev": true
    },
    "medium-zoom": {
      "version": "1.0.5",
      "resolved": "https://registry.npmjs.org/medium-zoom/-/medium-zoom-1.0.5.tgz",
      "integrity": "sha512-aLGa6WlTuFKWvH88bqTrY5ztJMN+D0hd8UX6BYc4YSoPayppzETjZUcdVcksgaoQEMg4cZSmXPg846fTp2rjRQ==",
      "dev": true
    },
    "ms": {
      "version": "2.0.0",
      "resolved": "https://registry.npmjs.org/ms/-/ms-2.0.0.tgz",
      "integrity": "sha1-VgiurfwAvmwpAd9fmGF4jeDVl8g="
    },
    "reading-time": {
      "version": "1.1.3",
      "resolved": "https://registry.npmjs.org/reading-time/-/reading-time-1.1.3.tgz",
      "integrity": "sha512-SYy+cuoGy1MTLjIbgwTZ+DkDiDq/dE1OnqBQFYytXgNWRZROuqtBdu7HoJ+HbGMnoAinOHnHnqbEUYnpSho5aA==",
      "dev": true
    },
    "vue-click-outside": {
      "version": "1.1.0",
      "resolved": "https://registry.npmjs.org/vue-click-outside/-/vue-click-outside-1.1.0.tgz",
      "integrity": "sha512-pNyvAA9mRXJwPHlHJyjMb4IONSc7khS5lxGcMyE2EIKgNMAO279PWM9Hyq0d5J4FkiSRdmFLwnbjDd5UtPizHQ=="
    },
    "vuepress-plugin-cat": {
      "version": "1.0.3",
      "resolved": "https://registry.npmjs.org/vuepress-plugin-cat/-/vuepress-plugin-cat-1.0.3.tgz",
      "integrity": "sha512-1tronr8K/02Qn7M/+cOa5zYGfY/qlWLAqJjpT3FKYX4BsHEn9KEDnjJ7t9SyCPKpV68e8IP6XJvPZYTQ0Qs90w=="
    },
    "vuepress-plugin-code-copy": {
      "version": "1.0.6",
      "resolved": "https://registry.npmjs.org/vuepress-plugin-code-copy/-/vuepress-plugin-code-copy-1.0.6.tgz",
      "integrity": "sha512-FiqwMtlb4rEsOI56O6sSkekcd3SlESxbkR2IaTIQxsMOMoalKfW5R9WlR1Pjm10v6jmU661Ex8MR11k9IzrNUg=="
    },
    "vuepress-plugin-contact-us": {
      "version": "1.0.3",
      "resolved": "https://registry.npmjs.org/vuepress-plugin-contact-us/-/vuepress-plugin-contact-us-1.0.3.tgz",
      "integrity": "sha512-EjRKVkGeuVITApci3ZTSygzP2F+jfJQ1N4ZchhoV/irDQdXN3tuZiFqnP74au05mrcVg1Kwj9AkMc4LgvDjrCg==",
      "requires": {
        "@fortawesome/fontawesome-svg-core": "^1.2.19",
        "@fortawesome/free-solid-svg-icons": "^5.9.0",
        "@fortawesome/vue-fontawesome": "^0.1.6",
        "axios": "^0.19.0"
      }
    },
    "vuepress-plugin-dynamic-title": {
      "version": "0.0.5",
      "resolved": "https://registry.npmjs.org/vuepress-plugin-dynamic-title/-/vuepress-plugin-dynamic-title-0.0.5.tgz",
      "integrity": "sha512-SVkyxGHMFnVDJz5T78j0imq9DJlfy1XapWbUKzL3IdTKo7iFE0osQRrO78rr3+adXX/oj3Y4KROvfYaI0DEcBQ==",
      "dev": true
    },
    "vuepress-plugin-go-top": {
      "version": "1.0.0",
      "resolved": "https://registry.npmjs.org/vuepress-plugin-go-top/-/vuepress-plugin-go-top-1.0.0.tgz",
      "integrity": "sha512-36BYGZacgi51fwJDaMGUWSXDzp2UQQEUWe20PvF4Lh4pNkR5Xj8g+sJLW5qCNn/2Oyw9diqz2o6xCJOgbYuyxQ==",
      "dev": true
    },
    "vuepress-plugin-medium-zoom": {
      "version": "1.1.8",
      "resolved": "https://registry.npmjs.org/vuepress-plugin-medium-zoom/-/vuepress-plugin-medium-zoom-1.1.8.tgz",
      "integrity": "sha512-G6s/kDw7obUqaTNhg94+wbuMYPLmPRS4jZ8voJPO/SHyKq/myzDdTL9OzYq3EMVz/P1pROYhN+jNCT7KpdaAZg==",
      "dev": true,
      "requires": {
        "medium-zoom": "^1.0.4"
      }
    },
    "vuepress-plugin-reading-progress": {
      "version": "1.0.9",
      "resolved": "https://registry.npmjs.org/vuepress-plugin-reading-progress/-/vuepress-plugin-reading-progress-1.0.9.tgz",
      "integrity": "sha512-Ge4SmKIjIwStwqx2ZupEVQfcgOBJsx5Wnxmbst1yMBV6J7bJi5sqBzlQtjNIYWZRNfqengjK3xBIRFKnk1TwyA=="
    },
    "vuepress-plugin-reading-time": {
      "version": "0.1.1",
      "resolved": "https://registry.npmjs.org/vuepress-plugin-reading-time/-/vuepress-plugin-reading-time-0.1.1.tgz",
      "integrity": "sha512-j94utmn4nojYWyOVqfUF3eLWOMTAmZpR0G1gUlmast6KFu/VLevJvxFgJfa6DVaSlTpUH1DMLYspcjLv5pHhDw==",
      "dev": true,
      "requires": {
        "reading-time": "1.1.3"
      }
    },
    "vuepress-plugin-ribbon": {
      "version": "1.0.0",
      "resolved": "https://registry.npmjs.org/vuepress-plugin-ribbon/-/vuepress-plugin-ribbon-1.0.0.tgz",
      "integrity": "sha512-x1tlmMgo+KbAI/jXoLAbze7qZuH+9uZwZgvVYd6vPdQKXtvFqq8qxbRGF1MMdGBTTbpMP0zwfkqmqUVe1KLbLw==",
      "dev": true
    },
    "vuepress-plugin-right-anchor": {
      "version": "0.1.2",
      "resolved": "https://registry.npmjs.org/vuepress-plugin-right-anchor/-/vuepress-plugin-right-anchor-0.1.2.tgz",
      "integrity": "sha512-Yiy6rwA3OBQeUpI68ixh+qfWVz1Ommy4LhqW4/DhpAXjbkiSOzOA7uQzfpXaqWi1yC7ap88/wU9yTSf/5gXqvA==",
      "dev": true,
      "requires": {
        "lodash.debounce": "^4.0.8"
      }
    },
    "vuepress-theme-yuu": {
      "version": "2.2.1",
      "resolved": "https://registry.npmjs.org/vuepress-theme-yuu/-/vuepress-theme-yuu-2.2.1.tgz",
      "integrity": "sha512-3E6mGo0HEmTROnLXF2Tjju+dROyfPn1D8sW+LTLGpGNfo0dxAqT/SfWUUhEm+W4T2iZmSCNoZxosUxGFD4mc0Q==",
      "requires": {
        "vue-click-outside": "^1.0.7"
      }
    }
  }
}
